
Microsoft Visual Studio Solution File, Format Version 12.00
# Visual Studio Version 17
VisualStudioVersion = 17.0.31903.59
MinimumVisualStudioVersion = 10.0.40219.1
Project("{FAE04EC0-301F-11D3-BF4B-00C04F79EFBC}") = "FenixEngine.Master", "FenixEngine.Master\FenixEngine.Master.csproj", "{4EE09A50-A96D-47EE-8428-464E56C623DE}"
EndProject
Project("{FAE04EC0-301F-11D3-BF4B-00C04F79EFBC}") = "FenixEngine.ShellApp", "FenixEngine.ShellApp\FenixEngine.ShellApp.csproj", "{4D902647-88F2-4433-BCA3-4E4ADEFEE493}"
EndProject
Project("{FAE04EC0-301F-11D3-BF4B-00C04F79EFBC}") = "FenixEngine.ShellCore.Mcp", "FenixEngine.ShellCore.Mcp\FenixEngine.ShellCore.Mcp.csproj", "{98B3FF09-8714-43E7-BD31-C6661689FB0F}"
EndProject
Project("{FAE04EC0-301F-11D3-BF4B-00C04F79EFBC}") = "FenixEngine.ShellCore.Harness", "FenixEngine.ShellCore.Harness\FenixEngine.ShellCore.Harness.csproj", "{6C7F7314-F87F-4F0B-94F5-36F60B4B5885}"
EndProject
Project("{FAE04EC0-301F-11D3-BF4B-00C04F79EFBC}") = "FenixEngine.ShellService", "FenixEngine.ShellService\FenixEngine.ShellService.csproj", "{ABA42183-D203-452A-9F5F-93FC15998D2C}"
EndProject
Global
	GlobalSection(SolutionConfigurationPlatforms) = preSolution
		Debug|Any CPU = Debug|Any CPU
		Debug|x64 = Debug|x64
		Debug|x86 = Debug|x86
		Release|Any CPU = Release|Any CPU
		Release|x64 = Release|x64
		Release|x86 = Release|x86
	EndGlobalSection
	GlobalSection(ProjectConfigurationPlatforms) = postSolution
		{4EE09A50-A96D-47EE-8428-464E56C623DE}.Debug|Any CPU.ActiveCfg = Debug|Any CPU
		{4EE09A50-A96D-47EE-8428-464E56C623DE}.Debug|Any CPU.Build.0 = Debug|Any CPU
		{4EE09A50-A96D-47EE-8428-464E56C623DE}.Debug|x64.ActiveCfg = Debug|Any CPU
		{4EE09A50-A96D-47EE-8428-464E56C623DE}.Debug|x64.Build.0 = Debug|Any CPU
		{4EE09A50-A96D-47EE-8428-464E56C623DE}.Debug|x86.ActiveCfg = Debug|Any CPU
		{4EE09A50-A96D-47EE-8428-464E56C623DE}.Debug|x86.Build.0 = Debug|Any CPU
		{4EE09A50-A96D-47EE-8428-464E56C623DE}.Release|Any CPU.ActiveCfg = Release|Any CPU
		{4EE09A50-A96D-47EE-8428-464E56C623DE}.Release|Any CPU.Build.0 = Release|Any CPU
		{4EE09A50-A96D-47EE-8428-464E56C623DE}.Release|x64.ActiveCfg = Release|Any CPU
		{4EE09A50-A96D-47EE-8428-464E56C623DE}.Release|x64.Build.0 = Release|Any CPU
		{4EE09A50-A96D-47EE-8428-464E56C623DE}.Release|x86.ActiveCfg = Release|Any CPU
		{4EE09A50-A96D-47EE-8428-464E56C623DE}.Release|x86.Build.0 = Release|Any CPU

		{4D902647-88F2-4433-BCA3-4E4ADEFEE493}.Debug|Any CPU.ActiveCfg = Debug|Any CPU
		{4D902647-88F2-4433-BCA3-4E4ADEFEE493}.Debug|Any CPU.Build.0 = Debug|Any CPU
		{4D902647-88F2-4433-BCA3-4E4ADEFEE493}.Debug|x64.ActiveCfg = Debug|Any CPU
		{4D902647-88F2-4433-BCA3-4E4ADEFEE493}.Debug|x64.Build.0 = Debug|Any CPU
		{4D902647-88F2-4433-BCA3-4E4ADEFEE493}.Debug|x86.ActiveCfg = Debug|Any CPU
		{4D902647-88F2-4433-BCA3-4E4ADEFEE493}.Debug|x86.Build.0 = Debug|Any CPU
		{4D902647-88F2-4433-BCA3-4E4ADEFEE493}.Release|Any CPU.ActiveCfg = Release|Any CPU
		{4D902647-88F2-4433-BCA3-4E4ADEFEE493}.Release|Any CPU.Build.0 = Release|Any CPU
		{4D902647-88F2-4433-BCA3-4E4ADEFEE493}.Release|x64.ActiveCfg = Release|Any CPU
		{4D902647-88F2-4433-BCA3-4E4ADEFEE493}.Release|x64.Build.0 = Release|Any CPU
		{4D902647-88F2-4433-BCA3-4E4ADEFEE493}.Release|x86.ActiveCfg = Release|Any CPU
		{4D902647-88F2-4433-BCA3-4E4ADEFEE493}.Release|x86.Build.0 = Release|Any CPU

		{98B3FF09-8714-43E7-BD31-C6661689FB0F}.Debug|Any CPU.ActiveCfg = Debug|Any CPU
		{98B3FF09-8714-43E7-BD31-C6661689FB0F}.Debug|Any CPU.Build.0 = Debug|Any CPU
		{98B3FF09-8714-43E7-BD31-C6661689FB0F}.Debug|x64.ActiveCfg = Debug|Any CPU
		{98B3FF09-8714-43E7-BD31-C6661689FB0F}.Debug|x64.Build.0 = Debug|Any CPU
		{98B3FF09-8714-43E7-BD31-C6661689FB0F}.Debug|x86.ActiveCfg = Debug|Any CPU
		{98B3FF09-8714-43E7-BD31-C6661689FB0F}.Debug|x86.Build.0 = Debug|Any CPU
		{98B3FF09-8714-43E7-BD31-C6661689FB0F}.Release|Any CPU.ActiveCfg = Release|Any CPU
		{98B3FF09-8714-43E7-BD31-C6661689FB0F}.Release|Any CPU.Build.0 = Release|Any CPU
		{98B3FF09-8714-43E7-BD31-C6661689FB0F}.Release|x64.ActiveCfg = Release|Any CPU
		{98B3FF09-8714-43E7-BD31-C6661689FB0F}.Release|x64.Build.0 = Release|Any CPU
		{98B3FF09-8714-43E7-BD31-C6661689FB0F}.Release|x86.ActiveCfg = Release|Any CPU
		{98B3FF09-8714-43E7-BD31-C6661689FB0F}.Release|x86.Build.0 = Release|Any CPU

		{6C7F7314-F87F-4F0B-94F5-36F60B4B5885}.Debug|Any CPU.ActiveCfg = Debug|Any CPU
		{6C7F7314-F87F-4F0B-94F5-36F60B4B5885}.Debug|Any CPU.Build.0 = Debug|Any CPU
		{6C7F7314-F87F-4F0B-94F5-36F60B4B5885}.Debug|x64.ActiveCfg = Debug|Any CPU
		{6C7F7314-F87F-4F0B-94F5-36F60B4B5885}.Debug|x64.Build.0 = Debug|Any CPU
		{6C7F7314-F87F-4F0B-94F5-36F60B4B5885}.Debug|x86.ActiveCfg = Debug|Any CPU
		{6C7F7314-F87F-4F0B-94F5-36F60B4B5885}.Debug|x86.Build.0 = Debug|Any CPU
		{6C7F7314-F87F-4F0B-94F5-36F60B4B5885}.Release|Any CPU.ActiveCfg = Release|Any CPU
		{6C7F7314-F87F-4F0B-94F5-36F60B4B5885}.Release|Any CPU.Build.0 = Release|Any CPU
		{6C7F7314-F87F-4F0B-94F5-36F60B4B5885}.Release|x64.ActiveCfg = Release|Any CPU
		{6C7F7314-F87F-4F0B-94F5-36F60B4B5885}.Release|x64.Build.0 = Release|Any CPU
		{6C7F7314-F87F-4F0B-94F5-36F60B4B5885}.Release|x86.ActiveCfg = Release|Any CPU
		{6C7F7314-F87F-4F0B-94F5-36F60B4B5885}.Release|x86.Build.0 = Release|Any CPU
		
		{ABA42183-D203-452A-9F5F-93FC15998D2C}.Debug|Any CPU.ActiveCfg = Debug|Any CPU
		{ABA42183-D203-452A-9F5F-93FC15998D2C}.Debug|Any CPU.Build.0 = Debug|Any CPU
		{ABA42183-D203-452A-9F5F-93FC15998D2C}.Debug|x64.ActiveCfg = Debug|Any CPU
		{ABA42183-D203-452A-9F5F-93FC15998D2C}.Debug|x64.Build.0 = Debug|Any CPU
		{ABA42183-D203-452A-9F5F-93FC15998D2C}.Debug|x86.ActiveCfg = Debug|Any CPU
		{ABA42183-D203-452A-9F5F-93FC15998D2C}.Debug|x86.Build.0 = Debug|Any CPU
		{ABA42183-D203-452A-9F5F-93FC15998D2C}.Release|Any CPU.ActiveCfg = Release|Any CPU
		{ABA42183-D203-452A-9F5F-93FC15998D2C}.Release|Any CPU.Build.0 = Release|Any CPU
		{ABA42183-D203-452A-9F5F-93FC15998D2C}.Release|x64.ActiveCfg = Release|Any CPU
		{ABA42183-D203-452A-9F5F-93FC15998D2C}.Release|x64.Build.0 = Release|Any CPU
		{ABA42183-D203-452A-9F5F-93FC15998D2C}.Release|x86.ActiveCfg = Release|Any CPU
		{ABA42183-D203-452A-9F5F-93FC15998D2C}.Release|x86.Build.0 = Release|Any CPU
	EndGlobalSection
	GlobalSection(SolutionProperties) = preSolution
		HideSolutionNode = FALSE
	EndGlobalSection
EndGlobal
