
Microsoft Visual Studio Solution File, Format Version 12.00
# Visual Studio Version 17
VisualStudioVersion = 17.0.31903.59
MinimumVisualStudioVersion = 10.0.40219.1
Project("{FAE04EC0-301F-11D3-BF4B-00C04F79EFBC}") = "FenixEngine", "FenixEngine\FenixEngine.csproj", "{6A438290-2188-4D96-A821-C7573C091DFC}"
EndProject
Project("{FAE04EC0-301F-11D3-BF4B-00C04F79EFBC}") = "FenixEngine.AppCore", "FenixEngine.AppCore\FenixEngine.AppCore.csproj", "{4D03F800-85F6-47ED-9DB3-E21B50D7CD44}"
EndProject
Project("{FAE04EC0-301F-11D3-BF4B-00C04F79EFBC}") = "FenixEngine.UI", "FenixEngine.UI\FenixEngine.UI.csproj", "{15CEE570-45EB-4ED4-A9FD-14CD0C132472}"
EndProject
Project("{FAE04EC0-301F-11D3-BF4B-00C04F79EFBC}") = "FenixEngine.Services", "FenixEngine.Services\FenixEngine.Services.csproj", "{57E0AF04-F077-4A00-A8D4-56E7C0691475}"
EndProject
Project("{FAE04EC0-301F-11D3-BF4B-00C04F79EFBC}") = "FenixEngine.Agents", "FenixEngine.Agents\FenixEngine.Agents.csproj", "{5C3ED3FF-4D02-4ABA-BC41-DA3E98870E1D}"
EndProject
Project("{FAE04EC0-301F-11D3-BF4B-00C04F79EFBC}") = "FenixEngine.Shared", "FenixEngine.Shared\FenixEngine.Shared.csproj", "{94221BC4-744A-4C5C-863C-AA7DF6A294A1}"
EndProject
Project("{FAE04EC0-301F-11D3-BF4B-00C04F79EFBC}") = "FenixEngine.DataBase", "FenixEngine.DataBase\FenixEngine.DataBase.csproj", "{6761947D-7D09-4CDD-BD21-D6AB46C76DCA}"
EndProject
Global
	GlobalSection(SolutionConfigurationPlatforms) = preSolution
		Debug|Any CPU = Debug|Any CPU
		Debug|x64 = Debug|x64
		Debug|x86 = Debug|x86
		Release|Any CPU = Release|Any CPU
		Release|x64 = Release|x64
		Release|x86 = Release|x86
	EndGlobalSection
	GlobalSection(ProjectConfigurationPlatforms) = postSolution
		{6A438290-2188-4D96-A821-C7573C091DFC}.Debug|Any CPU.ActiveCfg = Debug|Any CPU
		{6A438290-2188-4D96-A821-C7573C091DFC}.Debug|Any CPU.Build.0 = Debug|Any CPU
		{6A438290-2188-4D96-A821-C7573C091DFC}.Debug|x64.ActiveCfg = Debug|Any CPU
		{6A438290-2188-4D96-A821-C7573C091DFC}.Debug|x64.Build.0 = Debug|Any CPU
		{6A438290-2188-4D96-A821-C7573C091DFC}.Debug|x86.ActiveCfg = Debug|Any CPU
		{6A438290-2188-4D96-A821-C7573C091DFC}.Debug|x86.Build.0 = Debug|Any CPU
		{6A438290-2188-4D96-A821-C7573C091DFC}.Release|Any CPU.ActiveCfg = Release|Any CPU
		{6A438290-2188-4D96-A821-C7573C091DFC}.Release|Any CPU.Build.0 = Release|Any CPU
		{6A438290-2188-4D96-A821-C7573C091DFC}.Release|x64.ActiveCfg = Release|Any CPU
		{6A438290-2188-4D96-A821-C7573C091DFC}.Release|x64.Build.0 = Release|Any CPU
		{6A438290-2188-4D96-A821-C7573C091DFC}.Release|x86.ActiveCfg = Release|Any CPU
		{6A438290-2188-4D96-A821-C7573C091DFC}.Release|x86.Build.0 = Release|Any CPU
		{4D03F800-85F6-47ED-9DB3-E21B50D7CD44}.Debug|Any CPU.ActiveCfg = Debug|Any CPU
		{4D03F800-85F6-47ED-9DB3-E21B50D7CD44}.Debug|Any CPU.Build.0 = Debug|Any CPU
		{4D03F800-85F6-47ED-9DB3-E21B50D7CD44}.Debug|x64.ActiveCfg = Debug|Any CPU
		{4D03F800-85F6-47ED-9DB3-E21B50D7CD44}.Debug|x64.Build.0 = Debug|Any CPU
		{4D03F800-85F6-47ED-9DB3-E21B50D7CD44}.Debug|x86.ActiveCfg = Debug|Any CPU
		{4D03F800-85F6-47ED-9DB3-E21B50D7CD44}.Debug|x86.Build.0 = Debug|Any CPU
		{4D03F800-85F6-47ED-9DB3-E21B50D7CD44}.Release|Any CPU.ActiveCfg = Release|Any CPU
		{4D03F800-85F6-47ED-9DB3-E21B50D7CD44}.Release|Any CPU.Build.0 = Release|Any CPU
		{4D03F800-85F6-47ED-9DB3-E21B50D7CD44}.Release|x64.ActiveCfg = Release|Any CPU
		{4D03F800-85F6-47ED-9DB3-E21B50D7CD44}.Release|x64.Build.0 = Release|Any CPU
		{4D03F800-85F6-47ED-9DB3-E21B50D7CD44}.Release|x86.ActiveCfg = Release|Any CPU
		{4D03F800-85F6-47ED-9DB3-E21B50D7CD44}.Release|x86.Build.0 = Release|Any CPU
		{15CEE570-45EB-4ED4-A9FD-14CD0C132472}.Debug|Any CPU.ActiveCfg = Debug|Any CPU
		{15CEE570-45EB-4ED4-A9FD-14CD0C132472}.Debug|Any CPU.Build.0 = Debug|Any CPU
		{15CEE570-45EB-4ED4-A9FD-14CD0C132472}.Debug|x64.ActiveCfg = Debug|Any CPU
		{15CEE570-45EB-4ED4-A9FD-14CD0C132472}.Debug|x64.Build.0 = Debug|Any CPU
		{15CEE570-45EB-4ED4-A9FD-14CD0C132472}.Debug|x86.ActiveCfg = Debug|Any CPU
		{15CEE570-45EB-4ED4-A9FD-14CD0C132472}.Debug|x86.Build.0 = Debug|Any CPU
		{15CEE570-45EB-4ED4-A9FD-14CD0C132472}.Release|Any CPU.ActiveCfg = Release|Any CPU
		{15CEE570-45EB-4ED4-A9FD-14CD0C132472}.Release|Any CPU.Build.0 = Release|Any CPU
		{15CEE570-45EB-4ED4-A9FD-14CD0C132472}.Release|x64.ActiveCfg = Release|Any CPU
		{15CEE570-45EB-4ED4-A9FD-14CD0C132472}.Release|x64.Build.0 = Release|Any CPU
		{15CEE570-45EB-4ED4-A9FD-14CD0C132472}.Release|x86.ActiveCfg = Release|Any CPU
		{15CEE570-45EB-4ED4-A9FD-14CD0C132472}.Release|x86.Build.0 = Release|Any CPU
		{57E0AF04-F077-4A00-A8D4-56E7C0691475}.Debug|Any CPU.ActiveCfg = Debug|Any CPU
		{57E0AF04-F077-4A00-A8D4-56E7C0691475}.Debug|Any CPU.Build.0 = Debug|Any CPU
		{57E0AF04-F077-4A00-A8D4-56E7C0691475}.Debug|x64.ActiveCfg = Debug|Any CPU
		{57E0AF04-F077-4A00-A8D4-56E7C0691475}.Debug|x64.Build.0 = Debug|Any CPU
		{57E0AF04-F077-4A00-A8D4-56E7C0691475}.Debug|x86.ActiveCfg = Debug|Any CPU
		{57E0AF04-F077-4A00-A8D4-56E7C0691475}.Debug|x86.Build.0 = Debug|Any CPU
		{57E0AF04-F077-4A00-A8D4-56E7C0691475}.Release|Any CPU.ActiveCfg = Release|Any CPU
		{57E0AF04-F077-4A00-A8D4-56E7C0691475}.Release|Any CPU.Build.0 = Release|Any CPU
		{57E0AF04-F077-4A00-A8D4-56E7C0691475}.Release|x64.ActiveCfg = Release|Any CPU
		{57E0AF04-F077-4A00-A8D4-56E7C0691475}.Release|x64.Build.0 = Release|Any CPU
		{57E0AF04-F077-4A00-A8D4-56E7C0691475}.Release|x86.ActiveCfg = Release|Any CPU
		{57E0AF04-F077-4A00-A8D4-56E7C0691475}.Release|x86.Build.0 = Release|Any CPU
		{5C3ED3FF-4D02-4ABA-BC41-DA3E98870E1D}.Debug|Any CPU.ActiveCfg = Debug|Any CPU
		{5C3ED3FF-4D02-4ABA-BC41-DA3E98870E1D}.Debug|Any CPU.Build.0 = Debug|Any CPU
		{5C3ED3FF-4D02-4ABA-BC41-DA3E98870E1D}.Debug|x64.ActiveCfg = Debug|Any CPU
		{5C3ED3FF-4D02-4ABA-BC41-DA3E98870E1D}.Debug|x64.Build.0 = Debug|Any CPU
		{5C3ED3FF-4D02-4ABA-BC41-DA3E98870E1D}.Debug|x86.ActiveCfg = Debug|Any CPU
		{5C3ED3FF-4D02-4ABA-BC41-DA3E98870E1D}.Debug|x86.Build.0 = Debug|Any CPU
		{5C3ED3FF-4D02-4ABA-BC41-DA3E98870E1D}.Release|Any CPU.ActiveCfg = Release|Any CPU
		{5C3ED3FF-4D02-4ABA-BC41-DA3E98870E1D}.Release|Any CPU.Build.0 = Release|Any CPU
		{5C3ED3FF-4D02-4ABA-BC41-DA3E98870E1D}.Release|x64.ActiveCfg = Release|Any CPU
		{5C3ED3FF-4D02-4ABA-BC41-DA3E98870E1D}.Release|x64.Build.0 = Release|Any CPU
		{5C3ED3FF-4D02-4ABA-BC41-DA3E98870E1D}.Release|x86.ActiveCfg = Release|Any CPU
		{5C3ED3FF-4D02-4ABA-BC41-DA3E98870E1D}.Release|x86.Build.0 = Release|Any CPU
		{94221BC4-744A-4C5C-863C-AA7DF6A294A1}.Debug|Any CPU.ActiveCfg = Debug|Any CPU
		{94221BC4-744A-4C5C-863C-AA7DF6A294A1}.Debug|Any CPU.Build.0 = Debug|Any CPU
		{94221BC4-744A-4C5C-863C-AA7DF6A294A1}.Debug|x64.ActiveCfg = Debug|Any CPU
		{94221BC4-744A-4C5C-863C-AA7DF6A294A1}.Debug|x64.Build.0 = Debug|Any CPU
		{94221BC4-744A-4C5C-863C-AA7DF6A294A1}.Debug|x86.ActiveCfg = Debug|Any CPU
		{94221BC4-744A-4C5C-863C-AA7DF6A294A1}.Debug|x86.Build.0 = Debug|Any CPU
		{94221BC4-744A-4C5C-863C-AA7DF6A294A1}.Release|Any CPU.ActiveCfg = Release|Any CPU
		{94221BC4-744A-4C5C-863C-AA7DF6A294A1}.Release|Any CPU.Build.0 = Release|Any CPU
		{94221BC4-744A-4C5C-863C-AA7DF6A294A1}.Release|x64.ActiveCfg = Release|Any CPU
		{94221BC4-744A-4C5C-863C-AA7DF6A294A1}.Release|x64.Build.0 = Release|Any CPU
		{94221BC4-744A-4C5C-863C-AA7DF6A294A1}.Release|x86.ActiveCfg = Release|Any CPU
		{94221BC4-744A-4C5C-863C-AA7DF6A294A1}.Release|x86.Build.0 = Release|Any CPU
		{6761947D-7D09-4CDD-BD21-D6AB46C76DCA}.Debug|Any CPU.ActiveCfg = Debug|Any CPU
		{6761947D-7D09-4CDD-BD21-D6AB46C76DCA}.Debug|Any CPU.Build.0 = Debug|Any CPU
		{6761947D-7D09-4CDD-BD21-D6AB46C76DCA}.Debug|x64.ActiveCfg = Debug|Any CPU
		{6761947D-7D09-4CDD-BD21-D6AB46C76DCA}.Debug|x64.Build.0 = Debug|Any CPU
		{6761947D-7D09-4CDD-BD21-D6AB46C76DCA}.Debug|x86.ActiveCfg = Debug|Any CPU
		{6761947D-7D09-4CDD-BD21-D6AB46C76DCA}.Debug|x86.Build.0 = Debug|Any CPU
		{6761947D-7D09-4CDD-BD21-D6AB46C76DCA}.Release|Any CPU.ActiveCfg = Release|Any CPU
		{6761947D-7D09-4CDD-BD21-D6AB46C76DCA}.Release|Any CPU.Build.0 = Release|Any CPU
		{6761947D-7D09-4CDD-BD21-D6AB46C76DCA}.Release|x64.ActiveCfg = Release|Any CPU
		{6761947D-7D09-4CDD-BD21-D6AB46C76DCA}.Release|x64.Build.0 = Release|Any CPU
		{6761947D-7D09-4CDD-BD21-D6AB46C76DCA}.Release|x86.ActiveCfg = Release|Any CPU
		{6761947D-7D09-4CDD-BD21-D6AB46C76DCA}.Release|x86.Build.0 = Release|Any CPU
	EndGlobalSection
	GlobalSection(SolutionProperties) = preSolution
		HideSolutionNode = FALSE
	EndGlobalSection
EndGlobal
